{
  "name": "translating",
  "version": "8.0.0",
  "lockfileVersion": 2,
  "requires": true,
  "packages": {
    "": {
      "name": "translating",
      "version": "8.0.0",
      "dependencies": {
        "@hapi/boom": "^10.0.1",
        "@vitalets/google-translate-api": "^9.2.1",
        "baileys": "^6.7.18",
        "axios": "^1.11.0",
        "pino": "^9.9.0"
      }
    }
  },
  "dependencies": {
    "@hapi/boom": {
      "version": "10.0.1",
      "resolved": "https://registry.npmjs.org/@hapi/boom/-/boom-10.0.1.tgz",
      "integrity": "sha512-PLACEHOLDER"
    },
    "@vitalets/google-translate-api": {
      "version": "9.2.1",
      "resolved": "https://registry.npmjs.org/@vitalets/google-translate-api/-/google-translate-api-9.2.1.tgz",
      "integrity": "sha512-PLACEHOLDER"
    },
    "baileys": {
      "version": "6.7.18",
      "resolved": "https://registry.npmjs.org/baileys/-/baileys-6.7.18.tgz",
      "integrity": "sha512-PLACEHOLDER"
    },
    "axios": {
      "version": "1.11.0",
      "resolved": "https://registry.npmjs.org/axios/-/axios-1.11.0.tgz",
      "integrity": "sha512-PLACEHOLDER"
    },
    "pino": {
      "version": "9.9.0",
      "resolved": "https://registry.npmjs.org/pino/-/pino-9.9.0.tgz",
      "integrity": "sha512-PLACEHOLDER"
    }
  }
}
